
Microsoft Visual Studio Solution File, Format Version 12.00
# Visual Studio Version 17
VisualStudioVersion = 17.5.33424.131
MinimumVisualStudioVersion = 10.0.40219.1
Project("{9A19103F-16F7-4668-BE54-9A1E7A4F7556}") = "WebCalculator1", "WebCalculator1\WebCalculator1.csproj", "{5857FB2C-F12B-44BC-8C89-8ACA358EDC3B}"
EndProject
Project("{E53339B2-1760-4266-BCC7-CA923CBCF16C}") = "docker-compose", "docker-compose.dcproj", "{9DE4CC6E-304A-4258-82B0-4681B3BFE5E5}"
EndProject
Global
	GlobalSection(SolutionConfigurationPlatforms) = preSolution
		Debug|Any CPU = Debug|Any CPU
		Release|Any CPU = Release|Any CPU
	EndGlobalSection
	GlobalSection(ProjectConfigurationPlatforms) = postSolution
		{5857FB2C-F12B-44BC-8C89-8ACA358EDC3B}.Debug|Any CPU.ActiveCfg = Debug|Any CPU
		{5857FB2C-F12B-44BC-8C89-8ACA358EDC3B}.Debug|Any CPU.Build.0 = Debug|Any CPU
		{5857FB2C-F12B-44BC-8C89-8ACA358EDC3B}.Release|Any CPU.ActiveCfg = Release|Any CPU
		{5857FB2C-F12B-44BC-8C89-8ACA358EDC3B}.Release|Any CPU.Build.0 = Release|Any CPU
		{9DE4CC6E-304A-4258-82B0-4681B3BFE5E5}.Debug|Any CPU.ActiveCfg = Debug|Any CPU
		{9DE4CC6E-304A-4258-82B0-4681B3BFE5E5}.Debug|Any CPU.Build.0 = Debug|Any CPU
		{9DE4CC6E-304A-4258-82B0-4681B3BFE5E5}.Release|Any CPU.ActiveCfg = Release|Any CPU
		{9DE4CC6E-304A-4258-82B0-4681B3BFE5E5}.Release|Any CPU.Build.0 = Release|Any CPU
	EndGlobalSection
	GlobalSection(SolutionProperties) = preSolution
		HideSolutionNode = FALSE
	EndGlobalSection
	GlobalSection(ExtensibilityGlobals) = postSolution
		SolutionGuid = {E206F4C7-238B-48F3-A255-B77290C81290}
	EndGlobalSection
EndGlobal
